// !$*UTF8*$!
{
	archiveVersion = 1;
	classes = {
	};
	objectVersion = 51;
	objects = {

/* Begin PBXBuildFile section */
		A74EB54D6C2298389946C363 /* Pods_ChatMessenger.framework in Frameworks */ = {isa = PBXBuildFile; fileRef = D46F93E47866D719373EC2F8 /* Pods_ChatMessenger.framework */; };
		DB696DAD25AB27BD008184D3 /* AppDelegate.swift in Sources */ = {isa = PBXBuildFile; fileRef = DB696DAC25AB27BD008184D3 /* AppDelegate.swift */; };
		DB696DAF25AB27BD008184D3 /* SceneDelegate.swift in Sources */ = {isa = PBXBuildFile; fileRef = DB696DAE25AB27BD008184D3 /* SceneDelegate.swift */; };
		DB696DB125AB27BD008184D3 /* ConversationsViewController.swift in Sources */ = {isa = PBXBuildFile; fileRef = DB696DB025AB27BD008184D3 /* ConversationsViewController.swift */; };
		DB696DB425AB27BD008184D3 /* Main.storyboard in Resources */ = {isa = PBXBuildFile; fileRef = DB696DB225AB27BD008184D3 /* Main.storyboard */; };
		DB696DB625AB27BD008184D3 /* Assets.xcassets in Resources */ = {isa = PBXBuildFile; fileRef = DB696DB525AB27BD008184D3 /* Assets.xcassets */; };
		DB696DB925AB27BD008184D3 /* LaunchScreen.storyboard in Resources */ = {isa = PBXBuildFile; fileRef = DB696DB725AB27BD008184D3 /* LaunchScreen.storyboard */; };
		DB696DCB25AB2B1C008184D3 /* LoginViewController.swift in Sources */ = {isa = PBXBuildFile; fileRef = DB696DCA25AB2B1C008184D3 /* LoginViewController.swift */; };
		DB696DCE25AB2B39008184D3 /* RegisterViewController.swift in Sources */ = {isa = PBXBuildFile; fileRef = DB696DCD25AB2B39008184D3 /* RegisterViewController.swift */; };
		DB696DD125AB2B62008184D3 /* PhotoViewerViewController.swift in Sources */ = {isa = PBXBuildFile; fileRef = DB696DD025AB2B62008184D3 /* PhotoViewerViewController.swift */; };
		DB696DD425AB2B7D008184D3 /* VideoPlayerViewController.swift in Sources */ = {isa = PBXBuildFile; fileRef = DB696DD325AB2B7D008184D3 /* VideoPlayerViewController.swift */; };
		DB696DD725AB2BA8008184D3 /* NewConversationViewController.swift in Sources */ = {isa = PBXBuildFile; fileRef = DB696DD625AB2BA8008184D3 /* NewConversationViewController.swift */; };
		DB696DDA25AB2BC2008184D3 /* ProfileViewController.swift in Sources */ = {isa = PBXBuildFile; fileRef = DB696DD925AB2BC2008184D3 /* ProfileViewController.swift */; };
		DB696DDF25AB4812008184D3 /* Extensions.swift in Sources */ = {isa = PBXBuildFile; fileRef = DB696DDE25AB4812008184D3 /* Extensions.swift */; };
		DB696DE325ABBFA4008184D3 /* GoogleService-Info.plist in Resources */ = {isa = PBXBuildFile; fileRef = DB696DE225ABBFA4008184D3 /* GoogleService-Info.plist */; };
/* End PBXBuildFile section */

/* Begin PBXFileReference section */
		A74FC854209217ED525D6ED1 /* Pods-ChatMessenger.release.xcconfig */ = {isa = PBXFileReference; includeInIndex = 1; lastKnownFileType = text.xcconfig; name = "Pods-ChatMessenger.release.xcconfig"; path = "Target Support Files/Pods-ChatMessenger/Pods-ChatMessenger.release.xcconfig"; sourceTree = "<group>"; };
		C87CB5873835630DE43B05C2 /* Pods-ChatMessenger.debug.xcconfig */ = {isa = PBXFileReference; includeInIndex = 1; lastKnownFileType = text.xcconfig; name = "Pods-ChatMessenger.debug.xcconfig"; path = "Target Support Files/Pods-ChatMessenger/Pods-ChatMessenger.debug.xcconfig"; sourceTree = "<group>"; };
		D46F93E47866D719373EC2F8 /* Pods_ChatMessenger.framework */ = {isa = PBXFileReference; explicitFileType = wrapper.framework; includeInIndex = 0; path = Pods_ChatMessenger.framework; sourceTree = BUILT_PRODUCTS_DIR; };
		DB696DA925AB27BD008184D3 /* ChatMessenger.app */ = {isa = PBXFileReference; explicitFileType = wrapper.application; includeInIndex = 0; path = ChatMessenger.app; sourceTree = BUILT_PRODUCTS_DIR; };
		DB696DAC25AB27BD008184D3 /* AppDelegate.swift */ = {isa = PBXFileReference; lastKnownFileType = sourcecode.swift; path = AppDelegate.swift; sourceTree = "<group>"; };
		DB696DAE25AB27BD008184D3 /* SceneDelegate.swift */ = {isa = PBXFileReference; lastKnownFileType = sourcecode.swift; path = SceneDelegate.swift; sourceTree = "<group>"; };
		DB696DB025AB27BD008184D3 /* ConversationsViewController.swift */ = {isa = PBXFileReference; lastKnownFileType = sourcecode.swift; path = ConversationsViewController.swift; sourceTree = "<group>"; };
		DB696DB325AB27BD008184D3 /* Base */ = {isa = PBXFileReference; lastKnownFileType = file.storyboard; name = Base; path = Base.lproj/Main.storyboard; sourceTree = "<group>"; };
		DB696DB525AB27BD008184D3 /* Assets.xcassets */ = {isa = PBXFileReference; lastKnownFileType = folder.assetcatalog; path = Assets.xcassets; sourceTree = "<group>"; };
		DB696DB825AB27BD008184D3 /* Base */ = {isa = PBXFileReference; lastKnownFileType = file.storyboard; name = Base; path = Base.lproj/LaunchScreen.storyboard; sourceTree = "<group>"; };
		DB696DBA25AB27BD008184D3 /* Info.plist */ = {isa = PBXFileReference; lastKnownFileType = text.plist.xml; path = Info.plist; sourceTree = "<group>"; };
		DB696DCA25AB2B1C008184D3 /* LoginViewController.swift */ = {isa = PBXFileReference; lastKnownFileType = sourcecode.swift; path = LoginViewController.swift; sourceTree = "<group>"; };
		DB696DCD25AB2B39008184D3 /* RegisterViewController.swift */ = {isa = PBXFileReference; lastKnownFileType = sourcecode.swift; path = RegisterViewController.swift; sourceTree = "<group>"; };
		DB696DD025AB2B62008184D3 /* PhotoViewerViewController.swift */ = {isa = PBXFileReference; lastKnownFileType = sourcecode.swift; path = PhotoViewerViewController.swift; sourceTree = "<group>"; };
		DB696DD325AB2B7D008184D3 /* VideoPlayerViewController.swift */ = {isa = PBXFileReference; lastKnownFileType = sourcecode.swift; path = VideoPlayerViewController.swift; sourceTree = "<group>"; };
		DB696DD625AB2BA8008184D3 /* NewConversationViewController.swift */ = {isa = PBXFileReference; lastKnownFileType = sourcecode.swift; path = NewConversationViewController.swift; sourceTree = "<group>"; };
		DB696DD925AB2BC2008184D3 /* ProfileViewController.swift */ = {isa = PBXFileReference; lastKnownFileType = sourcecode.swift; path = ProfileViewController.swift; sourceTree = "<group>"; };
		DB696DDE25AB4812008184D3 /* Extensions.swift */ = {isa = PBXFileReference; lastKnownFileType = sourcecode.swift; path = Extensions.swift; sourceTree = "<group>"; };
		DB696DE225ABBFA4008184D3 /* GoogleService-Info.plist */ = {isa = PBXFileReference; fileEncoding = 4; lastKnownFileType = text.plist.xml; name = "GoogleService-Info.plist"; path = "../../../../Downloads/GoogleService-Info.plist"; sourceTree = "<group>"; };
/* End PBXFileReference section */

/* Begin PBXFrameworksBuildPhase section */
		DB696DA625AB27BD008184D3 /* Frameworks */ = {
			isa = PBXFrameworksBuildPhase;
			buildActionMask = 2147483647;
			files = (
				A74EB54D6C2298389946C363 /* Pods_ChatMessenger.framework in Frameworks */,
			);
			runOnlyForDeploymentPostprocessing = 0;
		};
/* End PBXFrameworksBuildPhase section */

/* Begin PBXGroup section */
		381CB63B479466F19750306E /* Frameworks */ = {
			isa = PBXGroup;
			children = (
				D46F93E47866D719373EC2F8 /* Pods_ChatMessenger.framework */,
			);
			name = Frameworks;
			sourceTree = "<group>";
		};
		7CACC3C946241CB00983E1A1 /* Pods */ = {
			isa = PBXGroup;
			children = (
				C87CB5873835630DE43B05C2 /* Pods-ChatMessenger.debug.xcconfig */,
				A74FC854209217ED525D6ED1 /* Pods-ChatMessenger.release.xcconfig */,
			);
			path = Pods;
			sourceTree = "<group>";
		};
		DB696DA025AB27BD008184D3 = {
			isa = PBXGroup;
			children = (
				DB696DAB25AB27BD008184D3 /* ChatMessenger */,
				DB696DAA25AB27BD008184D3 /* Products */,
				7CACC3C946241CB00983E1A1 /* Pods */,
				381CB63B479466F19750306E /* Frameworks */,
			);
			sourceTree = "<group>";
		};
		DB696DAA25AB27BD008184D3 /* Products */ = {
			isa = PBXGroup;
			children = (
				DB696DA925AB27BD008184D3 /* ChatMessenger.app */,
			);
			name = Products;
			sourceTree = "<group>";
		};
		DB696DAB25AB27BD008184D3 /* ChatMessenger */ = {
			isa = PBXGroup;
			children = (
				DB696DE225ABBFA4008184D3 /* GoogleService-Info.plist */,
				DB696DC525AB2965008184D3 /* Resources */,
				DB696DC425AB2959008184D3 /* ViewNModels */,
				DB696DC325AB294E008184D3 /* Models */,
				DB696DC225AB2947008184D3 /* Views */,
				DB696DC125AB293A008184D3 /* Controllers */,
				DB696DBA25AB27BD008184D3 /* Info.plist */,
			);
			path = ChatMessenger;
			sourceTree = "<group>";
		};
		DB696DC125AB293A008184D3 /* Controllers */ = {
			isa = PBXGroup;
			children = (
				DB696DB025AB27BD008184D3 /* ConversationsViewController.swift */,
				DB696DDC25AB3663008184D3 /* Login */,
				DB696DD025AB2B62008184D3 /* PhotoViewerViewController.swift */,
				DB696DD325AB2B7D008184D3 /* VideoPlayerViewController.swift */,
				DB696DD625AB2BA8008184D3 /* NewConversationViewController.swift */,
				DB696DD925AB2BC2008184D3 /* ProfileViewController.swift */,
			);
			path = Controllers;
			sourceTree = "<group>";
		};
		DB696DC225AB2947008184D3 /* Views */ = {
			isa = PBXGroup;
			children = (
				DB696DC625AB2995008184D3 /* Storyboards */,
				DB696DB525AB27BD008184D3 /* Assets.xcassets */,
			);
			path = Views;
			sourceTree = "<group>";
		};
		DB696DC325AB294E008184D3 /* Models */ = {
			isa = PBXGroup;
			children = (
			);
			path = Models;
			sourceTree = "<group>";
		};
		DB696DC425AB2959008184D3 /* ViewNModels */ = {
			isa = PBXGroup;
			children = (
			);
			path = ViewNModels;
			sourceTree = "<group>";
		};
		DB696DC525AB2965008184D3 /* Resources */ = {
			isa = PBXGroup;
			children = (
				DB696DAC25AB27BD008184D3 /* AppDelegate.swift */,
				DB696DAE25AB27BD008184D3 /* SceneDelegate.swift */,
				DB696DDE25AB4812008184D3 /* Extensions.swift */,
			);
			path = Resources;
			sourceTree = "<group>";
		};
		DB696DC625AB2995008184D3 /* Storyboards */ = {
			isa = PBXGroup;
			children = (
				DB696DB225AB27BD008184D3 /* Main.storyboard */,
				DB696DB725AB27BD008184D3 /* LaunchScreen.storyboard */,
			);
			path = Storyboards;
			sourceTree = "<group>";
		};
		DB696DDC25AB3663008184D3 /* Login */ = {
			isa = PBXGroup;
			children = (
				DB696DCA25AB2B1C008184D3 /* LoginViewController.swift */,
				DB696DCD25AB2B39008184D3 /* RegisterViewController.swift */,
			);
			path = Login;
			sourceTree = "<group>";
		};
/* End PBXGroup section */

/* Begin PBXNativeTarget section */
		DB696DA825AB27BD008184D3 /* ChatMessenger */ = {
			isa = PBXNativeTarget;
			buildConfigurationList = DB696DBD25AB27BD008184D3 /* Build configuration list for PBXNativeTarget "ChatMessenger" */;
			buildPhases = (
				FD6D9F6A9B98136F4E196FAC /* [CP] Check Pods Manifest.lock */,
				DB696DA525AB27BD008184D3 /* Sources */,
				DB696DA625AB27BD008184D3 /* Frameworks */,
				DB696DA725AB27BD008184D3 /* Resources */,
				BF73BB5A3DD945E20EC81F83 /* [CP] Embed Pods Frameworks */,
			);
			buildRules = (
			);
			dependencies = (
			);
			name = ChatMessenger;
			productName = ChatMessenger;
			productReference = DB696DA925AB27BD008184D3 /* ChatMessenger.app */;
			productType = "com.apple.product-type.application";
		};
/* End PBXNativeTarget section */

/* Begin PBXProject section */
		DB696DA125AB27BD008184D3 /* Project object */ = {
			isa = PBXProject;
			attributes = {
				LastSwiftUpdateCheck = 1230;
				LastUpgradeCheck = 1230;
				TargetAttributes = {
					DB696DA825AB27BD008184D3 = {
						CreatedOnToolsVersion = 12.3;
					};
				};
			};
			buildConfigurationList = DB696DA425AB27BD008184D3 /* Build configuration list for PBXProject "ChatMessenger" */;
			compatibilityVersion = "Xcode 9.3";
			developmentRegion = en;
			hasScannedForEncodings = 0;
			knownRegions = (
				en,
				Base,
			);
			mainGroup = DB696DA025AB27BD008184D3;
			productRefGroup = DB696DAA25AB27BD008184D3 /* Products */;
			projectDirPath = "";
			projectRoot = "";
			targets = (
				DB696DA825AB27BD008184D3 /* ChatMessenger */,
			);
		};
/* End PBXProject section */

/* Begin PBXResourcesBuildPhase section */
		DB696DA725AB27BD008184D3 /* Resources */ = {
			isa = PBXResourcesBuildPhase;
			buildActionMask = 2147483647;
			files = (
				DB696DB925AB27BD008184D3 /* LaunchScreen.storyboard in Resources */,
				DB696DE325ABBFA4008184D3 /* GoogleService-Info.plist in Resources */,
				DB696DB625AB27BD008184D3 /* Assets.xcassets in Resources */,
				DB696DB425AB27BD008184D3 /* Main.storyboard in Resources */,
			);
			runOnlyForDeploymentPostprocessing = 0;
		};
/* End PBXResourcesBuildPhase section */

/* Begin PBXShellScriptBuildPhase section */
		BF73BB5A3DD945E20EC81F83 /* [CP] Embed Pods Frameworks */ = {
			isa = PBXShellScriptBuildPhase;
			buildActionMask = 2147483647;
			files = (
			);
			inputFileListPaths = (
				"${PODS_ROOT}/Target Support Files/Pods-ChatMessenger/Pods-ChatMessenger-frameworks-${CONFIGURATION}-input-files.xcfilelist",
			);
			name = "[CP] Embed Pods Frameworks";
			outputFileListPaths = (
				"${PODS_ROOT}/Target Support Files/Pods-ChatMessenger/Pods-ChatMessenger-frameworks-${CONFIGURATION}-output-files.xcfilelist",
			);
			runOnlyForDeploymentPostprocessing = 0;
			shellPath = /bin/sh;
			shellScript = "\"${PODS_ROOT}/Target Support Files/Pods-ChatMessenger/Pods-ChatMessenger-frameworks.sh\"\n";
			showEnvVarsInLog = 0;
		};
		FD6D9F6A9B98136F4E196FAC /* [CP] Check Pods Manifest.lock */ = {
			isa = PBXShellScriptBuildPhase;
			buildActionMask = 2147483647;
			files = (
			);
			inputFileListPaths = (
			);
			inputPaths = (
				"${PODS_PODFILE_DIR_PATH}/Podfile.lock",
				"${PODS_ROOT}/Manifest.lock",
			);
			name = "[CP] Check Pods Manifest.lock";
			outputFileListPaths = (
			);
			outputPaths = (
				"$(DERIVED_FILE_DIR)/Pods-ChatMessenger-checkManifestLockResult.txt",
			);
			runOnlyForDeploymentPostprocessing = 0;
			shellPath = /bin/sh;
			shellScript = "diff \"${PODS_PODFILE_DIR_PATH}/Podfile.lock\" \"${PODS_ROOT}/Manifest.lock\" > /dev/null\nif [ $? != 0 ] ; then\n    # print error to STDERR\n    echo \"error: The sandbox is not in sync with the Podfile.lock. Run 'pod install' or update your CocoaPods installation.\" >&2\n    exit 1\nfi\n# This output is used by Xcode 'outputs' to avoid re-running this script phase.\necho \"SUCCESS\" > \"${SCRIPT_OUTPUT_FILE_0}\"\n";
			showEnvVarsInLog = 0;
		};
/* End PBXShellScriptBuildPhase section */

/* Begin PBXSourcesBuildPhase section */
		DB696DA525AB27BD008184D3 /* Sources */ = {
			isa = PBXSourcesBuildPhase;
			buildActionMask = 2147483647;
			files = (
				DB696DCB25AB2B1C008184D3 /* LoginViewController.swift in Sources */,
				DB696DCE25AB2B39008184D3 /* RegisterViewController.swift in Sources */,
				DB696DD725AB2BA8008184D3 /* NewConversationViewController.swift in Sources */,
				DB696DB125AB27BD008184D3 /* ConversationsViewController.swift in Sources */,
				DB696DD425AB2B7D008184D3 /* VideoPlayerViewController.swift in Sources */,
				DB696DDF25AB4812008184D3 /* Extensions.swift in Sources */,
				DB696DAD25AB27BD008184D3 /* AppDelegate.swift in Sources */,
				DB696DDA25AB2BC2008184D3 /* ProfileViewController.swift in Sources */,
				DB696DAF25AB27BD008184D3 /* SceneDelegate.swift in Sources */,
				DB696DD125AB2B62008184D3 /* PhotoViewerViewController.swift in Sources */,
			);
			runOnlyForDeploymentPostprocessing = 0;
		};
/* End PBXSourcesBuildPhase section */

/* Begin PBXVariantGroup section */
		DB696DB225AB27BD008184D3 /* Main.storyboard */ = {
			isa = PBXVariantGroup;
			children = (
				DB696DB325AB27BD008184D3 /* Base */,
			);
			name = Main.storyboard;
			sourceTree = "<group>";
		};
		DB696DB725AB27BD008184D3 /* LaunchScreen.storyboard */ = {
			isa = PBXVariantGroup;
			children = (
				DB696DB825AB27BD008184D3 /* Base */,
			);
			name = LaunchScreen.storyboard;
			sourceTree = "<group>";
		};
/* End PBXVariantGroup section */

/* Begin XCBuildConfiguration section */
		DB696DBB25AB27BD008184D3 /* Debug */ = {
			isa = XCBuildConfiguration;
			buildSettings = {
				ALWAYS_SEARCH_USER_PATHS = NO;
				CLANG_ANALYZER_NONNULL = YES;
				CLANG_ANALYZER_NUMBER_OBJECT_CONVERSION = YES_AGGRESSIVE;
				CLANG_CXX_LANGUAGE_STANDARD = "gnu++14";
				CLANG_CXX_LIBRARY = "libc++";
				CLANG_ENABLE_MODULES = YES;
				CLANG_ENABLE_OBJC_ARC = YES;
				CLANG_ENABLE_OBJC_WEAK = YES;
				CLANG_WARN_BLOCK_CAPTURE_AUTORELEASING = YES;
				CLANG_WARN_BOOL_CONVERSION = YES;
				CLANG_WARN_COMMA = YES;
				CLANG_WARN_CONSTANT_CONVERSION = YES;
				CLANG_WARN_DEPRECATED_OBJC_IMPLEMENTATIONS = YES;
				CLANG_WARN_DIRECT_OBJC_ISA_USAGE = YES_ERROR;
				CLANG_WARN_DOCUMENTATION_COMMENTS = YES;
				CLANG_WARN_EMPTY_BODY = YES;
				CLANG_WARN_ENUM_CONVERSION = YES;
				CLANG_WARN_INFINITE_RECURSION = YES;
				CLANG_WARN_INT_CONVERSION = YES;
				CLANG_WARN_NON_LITERAL_NULL_CONVERSION = YES;
				CLANG_WARN_OBJC_IMPLICIT_RETAIN_SELF = YES;
				CLANG_WARN_OBJC_LITERAL_CONVERSION = YES;
				CLANG_WARN_OBJC_ROOT_CLASS = YES_ERROR;
				CLANG_WARN_QUOTED_INCLUDE_IN_FRAMEWORK_HEADER = YES;
				CLANG_WARN_RANGE_LOOP_ANALYSIS = YES;
				CLANG_WARN_STRICT_PROTOTYPES = YES;
				CLANG_WARN_SUSPICIOUS_MOVE = YES;
				CLANG_WARN_UNGUARDED_AVAILABILITY = YES_AGGRESSIVE;
				CLANG_WARN_UNREACHABLE_CODE = YES;
				CLANG_WARN__DUPLICATE_METHOD_MATCH = YES;
				COPY_PHASE_STRIP = NO;
				DEBUG_INFORMATION_FORMAT = dwarf;
				ENABLE_STRICT_OBJC_MSGSEND = YES;
				ENABLE_TESTABILITY = YES;
				GCC_C_LANGUAGE_STANDARD = gnu11;
				GCC_DYNAMIC_NO_PIC = NO;
				GCC_NO_COMMON_BLOCKS = YES;
				GCC_OPTIMIZATION_LEVEL = 0;
				GCC_PREPROCESSOR_DEFINITIONS = (
					"DEBUG=1",
					"$(inherited)",
				);
				GCC_WARN_64_TO_32_BIT_CONVERSION = YES;
				GCC_WARN_ABOUT_RETURN_TYPE = YES_ERROR;
				GCC_WARN_UNDECLARED_SELECTOR = YES;
				GCC_WARN_UNINITIALIZED_AUTOS = YES_AGGRESSIVE;
				GCC_WARN_UNUSED_FUNCTION = YES;
				GCC_WARN_UNUSED_VARIABLE = YES;
				IPHONEOS_DEPLOYMENT_TARGET = 14.3;
				MTL_ENABLE_DEBUG_INFO = INCLUDE_SOURCE;
				MTL_FAST_MATH = YES;
				ONLY_ACTIVE_ARCH = YES;
				SDKROOT = iphoneos;
				SWIFT_ACTIVE_COMPILATION_CONDITIONS = DEBUG;
				SWIFT_OPTIMIZATION_LEVEL = "-Onone";
			};
			name = Debug;
		};
		DB696DBC25AB27BD008184D3 /* Release */ = {
			isa = XCBuildConfiguration;
			buildSettings = {
				ALWAYS_SEARCH_USER_PATHS = NO;
				CLANG_ANALYZER_NONNULL = YES;
				CLANG_ANALYZER_NUMBER_OBJECT_CONVERSION = YES_AGGRESSIVE;
				CLANG_CXX_LANGUAGE_STANDARD = "gnu++14";
				CLANG_CXX_LIBRARY = "libc++";
				CLANG_ENABLE_MODULES = YES;
				CLANG_ENABLE_OBJC_ARC = YES;
				CLANG_ENABLE_OBJC_WEAK = YES;
				CLANG_WARN_BLOCK_CAPTURE_AUTORELEASING = YES;
				CLANG_WARN_BOOL_CONVERSION = YES;
				CLANG_WARN_COMMA = YES;
				CLANG_WARN_CONSTANT_CONVERSION = YES;
				CLANG_WARN_DEPRECATED_OBJC_IMPLEMENTATIONS = YES;
				CLANG_WARN_DIRECT_OBJC_ISA_USAGE = YES_ERROR;
				CLANG_WARN_DOCUMENTATION_COMMENTS = YES;
				CLANG_WARN_EMPTY_BODY = YES;
				CLANG_WARN_ENUM_CONVERSION = YES;
				CLANG_WARN_INFINITE_RECURSION = YES;
				CLANG_WARN_INT_CONVERSION = YES;
				CLANG_WARN_NON_LITERAL_NULL_CONVERSION = YES;
				CLANG_WARN_OBJC_IMPLICIT_RETAIN_SELF = YES;
				CLANG_WARN_OBJC_LITERAL_CONVERSION = YES;
				CLANG_WARN_OBJC_ROOT_CLASS = YES_ERROR;
				CLANG_WARN_QUOTED_INCLUDE_IN_FRAMEWORK_HEADER = YES;
				CLANG_WARN_RANGE_LOOP_ANALYSIS = YES;
				CLANG_WARN_STRICT_PROTOTYPES = YES;
				CLANG_WARN_SUSPICIOUS_MOVE = YES;
				CLANG_WARN_UNGUARDED_AVAILABILITY = YES_AGGRESSIVE;
				CLANG_WARN_UNREACHABLE_CODE = YES;
				CLANG_WARN__DUPLICATE_METHOD_MATCH = YES;
				COPY_PHASE_STRIP = NO;
				DEBUG_INFORMATION_FORMAT = "dwarf-with-dsym";
				ENABLE_NS_ASSERTIONS = NO;
				ENABLE_STRICT_OBJC_MSGSEND = YES;
				GCC_C_LANGUAGE_STANDARD = gnu11;
				GCC_NO_COMMON_BLOCKS = YES;
				GCC_WARN_64_TO_32_BIT_CONVERSION = YES;
				GCC_WARN_ABOUT_RETURN_TYPE = YES_ERROR;
				GCC_WARN_UNDECLARED_SELECTOR = YES;
				GCC_WARN_UNINITIALIZED_AUTOS = YES_AGGRESSIVE;
				GCC_WARN_UNUSED_FUNCTION = YES;
				GCC_WARN_UNUSED_VARIABLE = YES;
				IPHONEOS_DEPLOYMENT_TARGET = 14.3;
				MTL_ENABLE_DEBUG_INFO = NO;
				MTL_FAST_MATH = YES;
				SDKROOT = iphoneos;
				SWIFT_COMPILATION_MODE = wholemodule;
				SWIFT_OPTIMIZATION_LEVEL = "-O";
				VALIDATE_PRODUCT = YES;
			};
			name = Release;
		};
		DB696DBE25AB27BD008184D3 /* Debug */ = {
			isa = XCBuildConfiguration;
			baseConfigurationReference = C87CB5873835630DE43B05C2 /* Pods-ChatMessenger.debug.xcconfig */;
			buildSettings = {
				ASSETCATALOG_COMPILER_APPICON_NAME = AppIcon;
				ASSETCATALOG_COMPILER_GLOBAL_ACCENT_COLOR_NAME = AccentColor;
				CODE_SIGN_STYLE = Automatic;
				DEVELOPMENT_TEAM = MA4PL75375;
				INFOPLIST_FILE = ChatMessenger/Info.plist;
				IPHONEOS_DEPLOYMENT_TARGET = 14.3;
				LD_RUNPATH_SEARCH_PATHS = (
					"$(inherited)",
					"@executable_path/Frameworks",
				);
				PRODUCT_BUNDLE_IDENTIFIER = com.UnspoknKonversation.ChatMessenger;
				PRODUCT_NAME = "$(TARGET_NAME)";
				SWIFT_VERSION = 5.0;
				TARGETED_DEVICE_FAMILY = "1,2";
			};
			name = Debug;
		};
		DB696DBF25AB27BD008184D3 /* Release */ = {
			isa = XCBuildConfiguration;
			baseConfigurationReference = A74FC854209217ED525D6ED1 /* Pods-ChatMessenger.release.xcconfig */;
			buildSettings = {
				ASSETCATALOG_COMPILER_APPICON_NAME = AppIcon;
				ASSETCATALOG_COMPILER_GLOBAL_ACCENT_COLOR_NAME = AccentColor;
				CODE_SIGN_STYLE = Automatic;
				DEVELOPMENT_TEAM = MA4PL75375;
				INFOPLIST_FILE = ChatMessenger/Info.plist;
				IPHONEOS_DEPLOYMENT_TARGET = 14.3;
				LD_RUNPATH_SEARCH_PATHS = (
					"$(inherited)",
					"@executable_path/Frameworks",
				);
				PRODUCT_BUNDLE_IDENTIFIER = com.UnspoknKonversation.ChatMessenger;
				PRODUCT_NAME = "$(TARGET_NAME)";
				SWIFT_VERSION = 5.0;
				TARGETED_DEVICE_FAMILY = "1,2";
			};
			name = Release;
		};
/* End XCBuildConfiguration section */

/* Begin XCConfigurationList section */
		DB696DA425AB27BD008184D3 /* Build configuration list for PBXProject "ChatMessenger" */ = {
			isa = XCConfigurationList;
			buildConfigurations = (
				DB696DBB25AB27BD008184D3 /* Debug */,
				DB696DBC25AB27BD008184D3 /* Release */,
			);
			defaultConfigurationIsVisible = 0;
			defaultConfigurationName = Release;
		};
		DB696DBD25AB27BD008184D3 /* Build configuration list for PBXNativeTarget "ChatMessenger" */ = {
			isa = XCConfigurationList;
			buildConfigurations = (
				DB696DBE25AB27BD008184D3 /* Debug */,
				DB696DBF25AB27BD008184D3 /* Release */,
			);
			defaultConfigurationIsVisible = 0;
			defaultConfigurationName = Release;
		};
/* End XCConfigurationList section */
	};
	rootObject = DB696DA125AB27BD008184D3 /* Project object */;
}
